
Microsoft Visual Studio Solution File, Format Version 12.00
# Visual Studio Version 16
VisualStudioVersion = 16.0.30907.101
MinimumVisualStudioVersion = 10.0.40219.1
Project("{FAE04EC0-301F-11D3-BF4B-00C04F79EFBC}") = "Awarenessmvc", "Awarenessmvc.csproj", "{4836ABC3-9186-4504-9675-CE2C86C50A7C}"
EndProject
Global
	GlobalSection(SolutionConfigurationPlatforms) = preSolution
		Debug|Any CPU = Debug|Any CPU
		Release|Any CPU = Release|Any CPU
	EndGlobalSection
	GlobalSection(ProjectConfigurationPlatforms) = postSolution
		{4836ABC3-9186-4504-9675-CE2C86C50A7C}.Debug|Any CPU.ActiveCfg = Debug|Any CPU
		{4836ABC3-9186-4504-9675-CE2C86C50A7C}.Debug|Any CPU.Build.0 = Debug|Any CPU
		{4836ABC3-9186-4504-9675-CE2C86C50A7C}.Release|Any CPU.ActiveCfg = Release|Any CPU
		{4836ABC3-9186-4504-9675-CE2C86C50A7C}.Release|Any CPU.Build.0 = Release|Any CPU
	EndGlobalSection
	GlobalSection(SolutionProperties) = preSolution
		HideSolutionNode = FALSE
	EndGlobalSection
	GlobalSection(ExtensibilityGlobals) = postSolution
		SolutionGuid = {88ADC672-BA6B-47C7-93CF-F6B11770039C}
	EndGlobalSection
EndGlobal
